
Microsoft Visual Studio Solution File, Format Version 12.00
# Visual Studio Version 17
VisualStudioVersion = 17.6.33723.286
MinimumVisualStudioVersion = 10.0.40219.1
Project("{FAE04EC0-301F-11D3-BF4B-00C04F79EFBC}") = "Movies", "Movies.csproj", "{84FF5B28-96F5-4D45-9091-58E79A99104D}"
EndProject
Global
	GlobalSection(SolutionConfigurationPlatforms) = preSolution
		Debug|Any CPU = Debug|Any CPU
		Release|Any CPU = Release|Any CPU
	EndGlobalSection
	GlobalSection(ProjectConfigurationPlatforms) = postSolution
		{84FF5B28-96F5-4D45-9091-58E79A99104D}.Debug|Any CPU.ActiveCfg = Debug|Any CPU
		{84FF5B28-96F5-4D45-9091-58E79A99104D}.Debug|Any CPU.Build.0 = Debug|Any CPU
		{84FF5B28-96F5-4D45-9091-58E79A99104D}.Release|Any CPU.ActiveCfg = Release|Any CPU
		{84FF5B28-96F5-4D45-9091-58E79A99104D}.Release|Any CPU.Build.0 = Release|Any CPU
	EndGlobalSection
	GlobalSection(SolutionProperties) = preSolution
		HideSolutionNode = FALSE
	EndGlobalSection
	GlobalSection(ExtensibilityGlobals) = postSolution
		SolutionGuid = {25CB8FC4-E4F6-462F-B6C7-135762CDDBAD}
	EndGlobalSection
EndGlobal
